// !$*UTF8*$!
{
	archiveVersion = 1;
	classes = {
	};
	objectVersion = 46;
	objects = {

/* Begin PBXBuildFile section */
		3D2F33EE1B5CE027008B61E7 /* StudentResourcesOptime.swift in Sources */ = {isa = PBXBuildFile; fileRef = 3D2F33ED1B5CE027008B61E7 /* StudentResourcesOptime.swift */; };
		3D2F33F01B5CE05E008B61E7 /* OpTimeModel.swift in Sources */ = {isa = PBXBuildFile; fileRef = 3D2F33EF1B5CE05E008B61E7 /* OpTimeModel.swift */; };
		3D2F33F21B60D501008B61E7 /* StudentResourcesProfessor.swift in Sources */ = {isa = PBXBuildFile; fileRef = 3D2F33F11B60D501008B61E7 /* StudentResourcesProfessor.swift */; };
		3D2F33F41B60D536008B61E7 /* ProfessorModel.swift in Sources */ = {isa = PBXBuildFile; fileRef = 3D2F33F31B60D536008B61E7 /* ProfessorModel.swift */; };
		3D2F33FA1B62607D008B61E7 /* carpool icon.png in Resources */ = {isa = PBXBuildFile; fileRef = 3D2F33F91B62607D008B61E7 /* carpool icon.png */; };
		3D67073B1B54E1A600B2A06A /* StudentResourcesPhone.swift in Sources */ = {isa = PBXBuildFile; fileRef = 3D67073A1B54E1A600B2A06A /* StudentResourcesPhone.swift */; };
		3DA80F9A1B664BA500655B83 /* DdoSooneiController.swift in Sources */ = {isa = PBXBuildFile; fileRef = 3DA80F991B664BA500655B83 /* DdoSooneiController.swift */; };
		3DA80FAA1B6656BC00655B83 /* ddosuni_back.jpg in Resources */ = {isa = PBXBuildFile; fileRef = 3DA80FA51B6656BC00655B83 /* ddosuni_back.jpg */; };
		3DA80FAB1B6656BC00655B83 /* ddosuni_cafe.png in Resources */ = {isa = PBXBuildFile; fileRef = 3DA80FA61B6656BC00655B83 /* ddosuni_cafe.png */; };
		3DA80FAC1B6656BC00655B83 /* ddosuni_house1.jpg in Resources */ = {isa = PBXBuildFile; fileRef = 3DA80FA71B6656BC00655B83 /* ddosuni_house1.jpg */; };
		3DA80FAD1B6656BC00655B83 /* ddosuni_house2.jpg in Resources */ = {isa = PBXBuildFile; fileRef = 3DA80FA81B6656BC00655B83 /* ddosuni_house2.jpg */; };
		3DA80FAE1B6656BC00655B83 /* ddosuni_phone.png in Resources */ = {isa = PBXBuildFile; fileRef = 3DA80FA91B6656BC00655B83 /* ddosuni_phone.png */; };
		3DCB60691B6610F4009E1D34 /* LoginController.swift in Sources */ = {isa = PBXBuildFile; fileRef = 3DCB60681B6610F4009E1D34 /* LoginController.swift */; };
		52055AAE1A81FDF800907406 /* SixwayBusViewWeekendController.swift in Sources */ = {isa = PBXBuildFile; fileRef = 52055AAD1A81FDF800907406 /* SixwayBusViewWeekendController.swift */; };
		520636721A81F66500C41E35 /* ComfortBusModel.swift in Sources */ = {isa = PBXBuildFile; fileRef = 520636711A81F66500C41E35 /* ComfortBusModel.swift */; };
		523DD90F1A8B420C00C21FD7 /* phone_icon_small.png in Resources */ = {isa = PBXBuildFile; fileRef = 523DD90E1A8B420C00C21FD7 /* phone_icon_small.png */; };
		523DD9121A8B4AA500C21FD7 /* selected_star_small.png in Resources */ = {isa = PBXBuildFile; fileRef = 523DD9101A8B4AA500C21FD7 /* selected_star_small.png */; };
		523DD9131A8B4AA500C21FD7 /* unselected_star_small.png in Resources */ = {isa = PBXBuildFile; fileRef = 523DD9111A8B4AA500C21FD7 /* unselected_star_small.png */; };
		523DD9151A8B4B6300C21FD7 /* DeliveryDetailViewController.swift in Sources */ = {isa = PBXBuildFile; fileRef = 523DD9141A8B4B6300C21FD7 /* DeliveryDetailViewController.swift */; };
		523DD9171A8B66C900C21FD7 /* StoreDetailModel.swift in Sources */ = {isa = PBXBuildFile; fileRef = 523DD9161A8B66C900C21FD7 /* StoreDetailModel.swift */; };
		524170F21A84A48E00F96631 /* MomsViewController.swift in Sources */ = {isa = PBXBuildFile; fileRef = 524170F11A84A48E00F96631 /* MomsViewController.swift */; };
		524170F41A84A5EB00F96631 /* MomsModel.swift in Sources */ = {isa = PBXBuildFile; fileRef = 524170F31A84A5EB00F96631 /* MomsModel.swift */; };
		524170F61A84B59300F96631 /* HyoamViewController.swift in Sources */ = {isa = PBXBuildFile; fileRef = 524170F51A84B59300F96631 /* HyoamViewController.swift */; };
		524170F81A84B66200F96631 /* HyoamModel.swift in Sources */ = {isa = PBXBuildFile; fileRef = 524170F71A84B66200F96631 /* HyoamModel.swift */; };
		524170FA1A865BFC00F96631 /* MainBusUILabel.swift in Sources */ = {isa = PBXBuildFile; fileRef = 524170F91A865BFC00F96631 /* MainBusUILabel.swift */; };
		524170FC1A86613200F96631 /* MainBusModel.swift in Sources */ = {isa = PBXBuildFile; fileRef = 524170FB1A86613200F96631 /* MainBusModel.swift */; };
		524A659C1A9502C5000867E5 /* MenuDivideBarView.swift in Sources */ = {isa = PBXBuildFile; fileRef = 524A659B1A9502C5000867E5 /* MenuDivideBarView.swift */; };
		524A659E1A950510000867E5 /* MenuItemView.swift in Sources */ = {isa = PBXBuildFile; fileRef = 524A659D1A950510000867E5 /* MenuItemView.swift */; };
		524DD41A1A89EE8B00DEEC28 /* StoreListModel.swift in Sources */ = {isa = PBXBuildFile; fileRef = 524DD4191A89EE8B00DEEC28 /* StoreListModel.swift */; };
		524DD41C1A89EECB00DEEC28 /* StoreModel.swift in Sources */ = {isa = PBXBuildFile; fileRef = 524DD41B1A89EECB00DEEC28 /* StoreModel.swift */; };
		524DD41E1A89F2BF00DEEC28 /* DeliveryAllViewController.swift in Sources */ = {isa = PBXBuildFile; fileRef = 524DD41D1A89F2BF00DEEC28 /* DeliveryAllViewController.swift */; };
		524DD4201A89F2D400DEEC28 /* DeliveryTabBarController.swift in Sources */ = {isa = PBXBuildFile; fileRef = 524DD41F1A89F2D400DEEC28 /* DeliveryTabBarController.swift */; };
		524DD4261A89FFA000DEEC28 /* phone_icon.png in Resources */ = {isa = PBXBuildFile; fileRef = 524DD4251A89FFA000DEEC28 /* phone_icon.png */; };
		524DD4281A8A59D500DEEC28 /* DeliveryNonChickenViewController.swift in Sources */ = {isa = PBXBuildFile; fileRef = 524DD4271A8A59D500DEEC28 /* DeliveryNonChickenViewController.swift */; };
		524DD42A1A8A59DF00DEEC28 /* DeliveryChickenViewController.swift in Sources */ = {isa = PBXBuildFile; fileRef = 524DD4291A8A59DF00DEEC28 /* DeliveryChickenViewController.swift */; };
		525FC66A1A9702A9001BE456 /* ShopInfoLabel.swift in Sources */ = {isa = PBXBuildFile; fileRef = 525FC6691A9702A9001BE456 /* ShopInfoLabel.swift */; };
		525FC66C1A970377001BE456 /* ShopInfoHeaderLabel.swift in Sources */ = {isa = PBXBuildFile; fileRef = 525FC66B1A970377001BE456 /* ShopInfoHeaderLabel.swift */; };
		526B61741A9B08B900A8B81A /* ghost_logo_white.png in Resources */ = {isa = PBXBuildFile; fileRef = 526B61731A9B08B900A8B81A /* ghost_logo_white.png */; };
		526B61761A9B0A0400A8B81A /* hgutube_icon.png in Resources */ = {isa = PBXBuildFile; fileRef = 526B61751A9B0A0400A8B81A /* hgutube_icon.png */; };
		526B61781A9B0A2100A8B81A /* hgushop.png in Resources */ = {isa = PBXBuildFile; fileRef = 526B61771A9B0A2100A8B81A /* hgushop.png */; };
		526B617A1A9B1BE600A8B81A /* MyDeliveryViewController.swift in Sources */ = {isa = PBXBuildFile; fileRef = 526B61791A9B1BE600A8B81A /* MyDeliveryViewController.swift */; };
		526B617C1A9BFAB900A8B81A /* StoreListDAO.swift in Sources */ = {isa = PBXBuildFile; fileRef = 526B617B1A9BFAB900A8B81A /* StoreListDAO.swift */; };
		526B617E1A9C4D6200A8B81A /* Reachability.swift in Sources */ = {isa = PBXBuildFile; fileRef = 526B617D1A9C4D6200A8B81A /* Reachability.swift */; };
		526B61801A9C4FFA00A8B81A /* InitializeFlag.swift in Sources */ = {isa = PBXBuildFile; fileRef = 526B617F1A9C4FFA00A8B81A /* InitializeFlag.swift */; };
		527A698E1A835BAB003B2EB5 /* HacksickViewController.swift in Sources */ = {isa = PBXBuildFile; fileRef = 527A698D1A835BAB003B2EB5 /* HacksickViewController.swift */; };
		527A69901A8360F4003B2EB5 /* HacksickModel.swift in Sources */ = {isa = PBXBuildFile; fileRef = 527A698F1A8360F4003B2EB5 /* HacksickModel.swift */; };
		527A69921A8361A1003B2EB5 /* MenuModel.swift in Sources */ = {isa = PBXBuildFile; fileRef = 527A69911A8361A1003B2EB5 /* MenuModel.swift */; };
		527D109E1A8CA80100F6595B /* MainMenuUIImageView.swift in Sources */ = {isa = PBXBuildFile; fileRef = 527D109D1A8CA80100F6595B /* MainMenuUIImageView.swift */; };
		527D10A11A8CB39000F6595B /* MainMenuNameLabel.swift in Sources */ = {isa = PBXBuildFile; fileRef = 527D10A01A8CB39000F6595B /* MainMenuNameLabel.swift */; };
		527D10A31A8CB4C800F6595B /* MainMenuPriceLabel.swift in Sources */ = {isa = PBXBuildFile; fileRef = 527D10A21A8CB4C800F6595B /* MainMenuPriceLabel.swift */; };
		52B0D2ED1A80BFF7000A2A02 /* conv.png in Resources */ = {isa = PBXBuildFile; fileRef = 52B0D2E31A80BFF7000A2A02 /* conv.png */; };
		52B0D2EE1A80BFF7000A2A02 /* hansick.png in Resources */ = {isa = PBXBuildFile; fileRef = 52B0D2E41A80BFF7000A2A02 /* hansick.png */; };
		52B0D2EF1A80BFF7000A2A02 /* home.png in Resources */ = {isa = PBXBuildFile; fileRef = 52B0D2E51A80BFF7000A2A02 /* home.png */; };
		52B0D2F01A80BFF7000A2A02 /* left.png in Resources */ = {isa = PBXBuildFile; fileRef = 52B0D2E61A80BFF7000A2A02 /* left.png */; };
		52B0D2F11A80BFF7000A2A02 /* main_alarm.png in Resources */ = {isa = PBXBuildFile; fileRef = 52B0D2E71A80BFF7000A2A02 /* main_alarm.png */; };
		52B0D2F21A80BFF7000A2A02 /* main_bus.png in Resources */ = {isa = PBXBuildFile; fileRef = 52B0D2E81A80BFF7000A2A02 /* main_bus.png */; };
		52B0D2F31A80BFF7000A2A02 /* notice_logo.png in Resources */ = {isa = PBXBuildFile; fileRef = 52B0D2E91A80BFF7000A2A02 /* notice_logo.png */; };
		52B0D2F41A80BFF7000A2A02 /* setting.png in Resources */ = {isa = PBXBuildFile; fileRef = 52B0D2EA1A80BFF7000A2A02 /* setting.png */; };
		52B0D2F51A80BFF7000A2A02 /* timetable.png in Resources */ = {isa = PBXBuildFile; fileRef = 52B0D2EB1A80BFF7000A2A02 /* timetable.png */; };
		52B0D2F61A80BFF7000A2A02 /* zzimdak.png in Resources */ = {isa = PBXBuildFile; fileRef = 52B0D2EC1A80BFF7000A2A02 /* zzimdak.png */; };
		52B0D2FA1A80E12D000A2A02 /* SixwayBusTabBarController.swift in Sources */ = {isa = PBXBuildFile; fileRef = 52B0D2F91A80E12D000A2A02 /* SixwayBusTabBarController.swift */; };
		52B0D2FC1A80EBE5000A2A02 /* BusModel.swift in Sources */ = {isa = PBXBuildFile; fileRef = 52B0D2FB1A80EBE5000A2A02 /* BusModel.swift */; };
		52B0D2FE1A80ED45000A2A02 /* SixwayBusViewWeekdayController.swift in Sources */ = {isa = PBXBuildFile; fileRef = 52B0D2FD1A80ED45000A2A02 /* SixwayBusViewWeekdayController.swift */; };
		52B0D3011A80EE14000A2A02 /* Util.swift in Sources */ = {isa = PBXBuildFile; fileRef = 52B0D3001A80EE14000A2A02 /* Util.swift */; };
		52B0D3031A80F393000A2A02 /* BusTzoneModel.swift in Sources */ = {isa = PBXBuildFile; fileRef = 52B0D3021A80F393000A2A02 /* BusTzoneModel.swift */; };
		52B0D3061A81DD82000A2A02 /* SWXMLHash.swift in Sources */ = {isa = PBXBuildFile; fileRef = 52B0D3051A81DD82000A2A02 /* SWXMLHash.swift */; };
		52B8F33B1A82054C00BC2B99 /* SchoolBusTabBarController.swift in Sources */ = {isa = PBXBuildFile; fileRef = 52B8F33A1A82054C00BC2B99 /* SchoolBusTabBarController.swift */; };
		52B8F33D1A82055700BC2B99 /* SchoolBusViewWeekdayController.swift in Sources */ = {isa = PBXBuildFile; fileRef = 52B8F33C1A82055700BC2B99 /* SchoolBusViewWeekdayController.swift */; };
		52B8F33F1A82056500BC2B99 /* SchoolBusViewWeekendController.swift in Sources */ = {isa = PBXBuildFile; fileRef = 52B8F33E1A82056500BC2B99 /* SchoolBusViewWeekendController.swift */; };
		52BCB45E1A7FB6B70016A37E /* AppDelegate.swift in Sources */ = {isa = PBXBuildFile; fileRef = 52BCB45D1A7FB6B70016A37E /* AppDelegate.swift */; };
		52BCB4601A7FB6B70016A37E /* RootViewController.swift in Sources */ = {isa = PBXBuildFile; fileRef = 52BCB45F1A7FB6B70016A37E /* RootViewController.swift */; };
		52BCB4621A7FB6B70016A37E /* DataViewController.swift in Sources */ = {isa = PBXBuildFile; fileRef = 52BCB4611A7FB6B70016A37E /* DataViewController.swift */; };
		52BCB4641A7FB6B70016A37E /* ModelController.swift in Sources */ = {isa = PBXBuildFile; fileRef = 52BCB4631A7FB6B70016A37E /* ModelController.swift */; };
		52BCB4671A7FB6B70016A37E /* Main.storyboard in Resources */ = {isa = PBXBuildFile; fileRef = 52BCB4651A7FB6B70016A37E /* Main.storyboard */; };
		52BCB4691A7FB6B70016A37E /* Images.xcassets in Resources */ = {isa = PBXBuildFile; fileRef = 52BCB4681A7FB6B70016A37E /* Images.xcassets */; };
		52BCB46C1A7FB6B70016A37E /* LaunchScreen.xib in Resources */ = {isa = PBXBuildFile; fileRef = 52BCB46A1A7FB6B70016A37E /* LaunchScreen.xib */; };
		52BCB4781A7FB6B70016A37E /* HandongAppSwiftTests.swift in Sources */ = {isa = PBXBuildFile; fileRef = 52BCB4771A7FB6B70016A37E /* HandongAppSwiftTests.swift */; };
		52BCB48E1A808CA70016A37E /* buffering.png in Resources */ = {isa = PBXBuildFile; fileRef = 52BCB48A1A808CA70016A37E /* buffering.png */; };
		52BCB48F1A808CA70016A37E /* handong.png in Resources */ = {isa = PBXBuildFile; fileRef = 52BCB48B1A808CA70016A37E /* handong.png */; };
		52BCB4901A808CA70016A37E /* loading_back.png in Resources */ = {isa = PBXBuildFile; fileRef = 52BCB48C1A808CA70016A37E /* loading_back.png */; };
		52BCB4911A808CA70016A37E /* map.png in Resources */ = {isa = PBXBuildFile; fileRef = 52BCB48D1A808CA70016A37E /* map.png */; };
		52BCB4941A80A42E0016A37E /* LoadingViewController.swift in Sources */ = {isa = PBXBuildFile; fileRef = 52BCB4931A80A42E0016A37E /* LoadingViewController.swift */; };
		52BCB4971A80ADE20016A37E /* MainViewController.swift in Sources */ = {isa = PBXBuildFile; fileRef = 52BCB4961A80ADE20016A37E /* MainViewController.swift */; };
		52BCB4991A80B9760016A37E /* Icon.png in Resources */ = {isa = PBXBuildFile; fileRef = 52BCB4981A80B9750016A37E /* Icon.png */; };
/* End PBXBuildFile section */

/* Begin PBXContainerItemProxy section */
		52BCB4721A7FB6B70016A37E /* PBXContainerItemProxy */ = {
			isa = PBXContainerItemProxy;
			containerPortal = 52BCB4501A7FB6B70016A37E /* Project object */;
			proxyType = 1;
			remoteGlobalIDString = 52BCB4571A7FB6B70016A37E;
			remoteInfo = HandongAppSwift;
		};
/* End PBXContainerItemProxy section */

/* Begin PBXFileReference section */
		3D2F33ED1B5CE027008B61E7 /* StudentResourcesOptime.swift */ = {isa = PBXFileReference; fileEncoding = 4; lastKnownFileType = sourcecode.swift; path = StudentResourcesOptime.swift; sourceTree = "<group>"; };
		3D2F33EF1B5CE05E008B61E7 /* OpTimeModel.swift */ = {isa = PBXFileReference; fileEncoding = 4; lastKnownFileType = sourcecode.swift; path = OpTimeModel.swift; sourceTree = "<group>"; };
		3D2F33F11B60D501008B61E7 /* StudentResourcesProfessor.swift */ = {isa = PBXFileReference; fileEncoding = 4; lastKnownFileType = sourcecode.swift; path = StudentResourcesProfessor.swift; sourceTree = "<group>"; };
		3D2F33F31B60D536008B61E7 /* ProfessorModel.swift */ = {isa = PBXFileReference; fileEncoding = 4; lastKnownFileType = sourcecode.swift; path = ProfessorModel.swift; sourceTree = "<group>"; };
		3D2F33F91B62607D008B61E7 /* carpool icon.png */ = {isa = PBXFileReference; lastKnownFileType = image.png; name = "carpool icon.png"; path = "HandongAppSwift/carpool icon.png"; sourceTree = "<group>"; };
		3D67073A1B54E1A600B2A06A /* StudentResourcesPhone.swift */ = {isa = PBXFileReference; fileEncoding = 4; lastKnownFileType = sourcecode.swift; path = StudentResourcesPhone.swift; sourceTree = "<group>"; };
		3DA80F991B664BA500655B83 /* DdoSooneiController.swift */ = {isa = PBXFileReference; fileEncoding = 4; lastKnownFileType = sourcecode.swift; path = DdoSooneiController.swift; sourceTree = "<group>"; };
		3DA80FA51B6656BC00655B83 /* ddosuni_back.jpg */ = {isa = PBXFileReference; lastKnownFileType = image.jpeg; name = ddosuni_back.jpg; path = "../../Downloads/또순이이미지/ddosuni_back.jpg"; sourceTree = "<group>"; };
		3DA80FA61B6656BC00655B83 /* ddosuni_cafe.png */ = {isa = PBXFileReference; lastKnownFileType = image.png; name = ddosuni_cafe.png; path = "../../Downloads/또순이이미지/ddosuni_cafe.png"; sourceTree = "<group>"; };
		3DA80FA71B6656BC00655B83 /* ddosuni_house1.jpg */ = {isa = PBXFileReference; lastKnownFileType = image.jpeg; name = ddosuni_house1.jpg; path = "../../Downloads/또순이이미지/ddosuni_house1.jpg"; sourceTree = "<group>"; };
		3DA80FA81B6656BC00655B83 /* ddosuni_house2.jpg */ = {isa = PBXFileReference; lastKnownFileType = image.jpeg; name = ddosuni_house2.jpg; path = "../../Downloads/또순이이미지/ddosuni_house2.jpg"; sourceTree = "<group>"; };
		3DA80FA91B6656BC00655B83 /* ddosuni_phone.png */ = {isa = PBXFileReference; lastKnownFileType = image.png; name = ddosuni_phone.png; path = "../../Downloads/또순이이미지/ddosuni_phone.png"; sourceTree = "<group>"; };
		3DCB60681B6610F4009E1D34 /* LoginController.swift */ = {isa = PBXFileReference; fileEncoding = 4; lastKnownFileType = sourcecode.swift; path = LoginController.swift; sourceTree = "<group>"; };
		52055AAD1A81FDF800907406 /* SixwayBusViewWeekendController.swift */ = {isa = PBXFileReference; fileEncoding = 4; lastKnownFileType = sourcecode.swift; path = SixwayBusViewWeekendController.swift; sourceTree = "<group>"; };
		520636711A81F66500C41E35 /* ComfortBusModel.swift */ = {isa = PBXFileReference; fileEncoding = 4; lastKnownFileType = sourcecode.swift; path = ComfortBusModel.swift; sourceTree = "<group>"; };
		523DD90E1A8B420C00C21FD7 /* phone_icon_small.png */ = {isa = PBXFileReference; lastKnownFileType = image.png; path = phone_icon_small.png; sourceTree = "<group>"; };
		523DD9101A8B4AA500C21FD7 /* selected_star_small.png */ = {isa = PBXFileReference; lastKnownFileType = image.png; path = selected_star_small.png; sourceTree = "<group>"; };
		523DD9111A8B4AA500C21FD7 /* unselected_star_small.png */ = {isa = PBXFileReference; lastKnownFileType = image.png; path = unselected_star_small.png; sourceTree = "<group>"; };
		523DD9141A8B4B6300C21FD7 /* DeliveryDetailViewController.swift */ = {isa = PBXFileReference; fileEncoding = 4; lastKnownFileType = sourcecode.swift; path = DeliveryDetailViewController.swift; sourceTree = "<group>"; };
		523DD9161A8B66C900C21FD7 /* StoreDetailModel.swift */ = {isa = PBXFileReference; fileEncoding = 4; lastKnownFileType = sourcecode.swift; path = StoreDetailModel.swift; sourceTree = "<group>"; };
		524170F11A84A48E00F96631 /* MomsViewController.swift */ = {isa = PBXFileReference; fileEncoding = 4; lastKnownFileType = sourcecode.swift; path = MomsViewController.swift; sourceTree = "<group>"; };
		524170F31A84A5EB00F96631 /* MomsModel.swift */ = {isa = PBXFileReference; fileEncoding = 4; lastKnownFileType = sourcecode.swift; path = MomsModel.swift; sourceTree = "<group>"; };
		524170F51A84B59300F96631 /* HyoamViewController.swift */ = {isa = PBXFileReference; fileEncoding = 4; lastKnownFileType = sourcecode.swift; path = HyoamViewController.swift; sourceTree = "<group>"; };
		524170F71A84B66200F96631 /* HyoamModel.swift */ = {isa = PBXFileReference; fileEncoding = 4; lastKnownFileType = sourcecode.swift; path = HyoamModel.swift; sourceTree = "<group>"; };
		524170F91A865BFC00F96631 /* MainBusUILabel.swift */ = {isa = PBXFileReference; fileEncoding = 4; lastKnownFileType = sourcecode.swift; path = MainBusUILabel.swift; sourceTree = "<group>"; };
		524170FB1A86613200F96631 /* MainBusModel.swift */ = {isa = PBXFileReference; fileEncoding = 4; lastKnownFileType = sourcecode.swift; path = MainBusModel.swift; sourceTree = "<group>"; };
		524A659B1A9502C5000867E5 /* MenuDivideBarView.swift */ = {isa = PBXFileReference; fileEncoding = 4; lastKnownFileType = sourcecode.swift; path = MenuDivideBarView.swift; sourceTree = "<group>"; };
		524A659D1A950510000867E5 /* MenuItemView.swift */ = {isa = PBXFileReference; fileEncoding = 4; lastKnownFileType = sourcecode.swift; path = MenuItemView.swift; sourceTree = "<group>"; };
		524DD4191A89EE8B00DEEC28 /* StoreListModel.swift */ = {isa = PBXFileReference; fileEncoding = 4; lastKnownFileType = sourcecode.swift; path = StoreListModel.swift; sourceTree = "<group>"; };
		524DD41B1A89EECB00DEEC28 /* StoreModel.swift */ = {isa = PBXFileReference; fileEncoding = 4; lastKnownFileType = sourcecode.swift; path = StoreModel.swift; sourceTree = "<group>"; };
		524DD41D1A89F2BF00DEEC28 /* DeliveryAllViewController.swift */ = {isa = PBXFileReference; fileEncoding = 4; lastKnownFileType = sourcecode.swift; path = DeliveryAllViewController.swift; sourceTree = "<group>"; };
		524DD41F1A89F2D400DEEC28 /* DeliveryTabBarController.swift */ = {isa = PBXFileReference; fileEncoding = 4; lastKnownFileType = sourcecode.swift; path = DeliveryTabBarController.swift; sourceTree = "<group>"; };
		524DD4251A89FFA000DEEC28 /* phone_icon.png */ = {isa = PBXFileReference; lastKnownFileType = image.png; path = phone_icon.png; sourceTree = "<group>"; };
		524DD4271A8A59D500DEEC28 /* DeliveryNonChickenViewController.swift */ = {isa = PBXFileReference; fileEncoding = 4; lastKnownFileType = sourcecode.swift; path = DeliveryNonChickenViewController.swift; sourceTree = "<group>"; };
		524DD4291A8A59DF00DEEC28 /* DeliveryChickenViewController.swift */ = {isa = PBXFileReference; fileEncoding = 4; lastKnownFileType = sourcecode.swift; path = DeliveryChickenViewController.swift; sourceTree = "<group>"; };
		525FC6691A9702A9001BE456 /* ShopInfoLabel.swift */ = {isa = PBXFileReference; fileEncoding = 4; lastKnownFileType = sourcecode.swift; path = ShopInfoLabel.swift; sourceTree = "<group>"; };
		525FC66B1A970377001BE456 /* ShopInfoHeaderLabel.swift */ = {isa = PBXFileReference; fileEncoding = 4; lastKnownFileType = sourcecode.swift; path = ShopInfoHeaderLabel.swift; sourceTree = "<group>"; };
		526B61731A9B08B900A8B81A /* ghost_logo_white.png */ = {isa = PBXFileReference; lastKnownFileType = image.png; path = ghost_logo_white.png; sourceTree = "<group>"; };
		526B61751A9B0A0400A8B81A /* hgutube_icon.png */ = {isa = PBXFileReference; lastKnownFileType = image.png; path = hgutube_icon.png; sourceTree = "<group>"; };
		526B61771A9B0A2100A8B81A /* hgushop.png */ = {isa = PBXFileReference; lastKnownFileType = image.png; path = hgushop.png; sourceTree = "<group>"; };
		526B61791A9B1BE600A8B81A /* MyDeliveryViewController.swift */ = {isa = PBXFileReference; fileEncoding = 4; lastKnownFileType = sourcecode.swift; path = MyDeliveryViewController.swift; sourceTree = "<group>"; };
		526B617B1A9BFAB900A8B81A /* StoreListDAO.swift */ = {isa = PBXFileReference; fileEncoding = 4; lastKnownFileType = sourcecode.swift; path = StoreListDAO.swift; sourceTree = "<group>"; };
		526B617D1A9C4D6200A8B81A /* Reachability.swift */ = {isa = PBXFileReference; fileEncoding = 4; lastKnownFileType = sourcecode.swift; path = Reachability.swift; sourceTree = "<group>"; };
		526B617F1A9C4FFA00A8B81A /* InitializeFlag.swift */ = {isa = PBXFileReference; fileEncoding = 4; lastKnownFileType = sourcecode.swift; path = InitializeFlag.swift; sourceTree = "<group>"; };
		527A698D1A835BAB003B2EB5 /* HacksickViewController.swift */ = {isa = PBXFileReference; fileEncoding = 4; lastKnownFileType = sourcecode.swift; path = HacksickViewController.swift; sourceTree = "<group>"; };
		527A698F1A8360F4003B2EB5 /* HacksickModel.swift */ = {isa = PBXFileReference; fileEncoding = 4; lastKnownFileType = sourcecode.swift; path = HacksickModel.swift; sourceTree = "<group>"; };
		527A69911A8361A1003B2EB5 /* MenuModel.swift */ = {isa = PBXFileReference; fileEncoding = 4; lastKnownFileType = sourcecode.swift; path = MenuModel.swift; sourceTree = "<group>"; };
		527D109D1A8CA80100F6595B /* MainMenuUIImageView.swift */ = {isa = PBXFileReference; fileEncoding = 4; lastKnownFileType = sourcecode.swift; path = MainMenuUIImageView.swift; sourceTree = "<group>"; };
		527D10A01A8CB39000F6595B /* MainMenuNameLabel.swift */ = {isa = PBXFileReference; fileEncoding = 4; lastKnownFileType = sourcecode.swift; path = MainMenuNameLabel.swift; sourceTree = "<group>"; };
		527D10A21A8CB4C800F6595B /* MainMenuPriceLabel.swift */ = {isa = PBXFileReference; fileEncoding = 4; lastKnownFileType = sourcecode.swift; path = MainMenuPriceLabel.swift; sourceTree = "<group>"; };
		52B0D2E31A80BFF7000A2A02 /* conv.png */ = {isa = PBXFileReference; lastKnownFileType = image.png; path = conv.png; sourceTree = "<group>"; };
		52B0D2E41A80BFF7000A2A02 /* hansick.png */ = {isa = PBXFileReference; lastKnownFileType = image.png; path = hansick.png; sourceTree = "<group>"; };
		52B0D2E51A80BFF7000A2A02 /* home.png */ = {isa = PBXFileReference; lastKnownFileType = image.png; path = home.png; sourceTree = "<group>"; };
		52B0D2E61A80BFF7000A2A02 /* left.png */ = {isa = PBXFileReference; lastKnownFileType = image.png; path = left.png; sourceTree = "<group>"; };
		52B0D2E71A80BFF7000A2A02 /* main_alarm.png */ = {isa = PBXFileReference; lastKnownFileType = image.png; path = main_alarm.png; sourceTree = "<group>"; };
		52B0D2E81A80BFF7000A2A02 /* main_bus.png */ = {isa = PBXFileReference; lastKnownFileType = image.png; path = main_bus.png; sourceTree = "<group>"; };
		52B0D2E91A80BFF7000A2A02 /* notice_logo.png */ = {isa = PBXFileReference; lastKnownFileType = image.png; path = notice_logo.png; sourceTree = "<group>"; };
		52B0D2EA1A80BFF7000A2A02 /* setting.png */ = {isa = PBXFileReference; lastKnownFileType = image.png; path = setting.png; sourceTree = "<group>"; };
		52B0D2EB1A80BFF7000A2A02 /* timetable.png */ = {isa = PBXFileReference; lastKnownFileType = image.png; path = timetable.png; sourceTree = "<group>"; };
		52B0D2EC1A80BFF7000A2A02 /* zzimdak.png */ = {isa = PBXFileReference; lastKnownFileType = image.png; path = zzimdak.png; sourceTree = "<group>"; };
		52B0D2F91A80E12D000A2A02 /* SixwayBusTabBarController.swift */ = {isa = PBXFileReference; fileEncoding = 4; lastKnownFileType = sourcecode.swift; path = SixwayBusTabBarController.swift; sourceTree = "<group>"; };
		52B0D2FB1A80EBE5000A2A02 /* BusModel.swift */ = {isa = PBXFileReference; fileEncoding = 4; lastKnownFileType = sourcecode.swift; path = BusModel.swift; sourceTree = "<group>"; };
		52B0D2FD1A80ED45000A2A02 /* SixwayBusViewWeekdayController.swift */ = {isa = PBXFileReference; fileEncoding = 4; lastKnownFileType = sourcecode.swift; path = SixwayBusViewWeekdayController.swift; sourceTree = "<group>"; };
		52B0D3001A80EE14000A2A02 /* Util.swift */ = {isa = PBXFileReference; fileEncoding = 4; lastKnownFileType = sourcecode.swift; path = Util.swift; sourceTree = "<group>"; };
		52B0D3021A80F393000A2A02 /* BusTzoneModel.swift */ = {isa = PBXFileReference; fileEncoding = 4; lastKnownFileType = sourcecode.swift; path = BusTzoneModel.swift; sourceTree = "<group>"; };
		52B0D3041A81DD82000A2A02 /* SWXMLHash.h */ = {isa = PBXFileReference; fileEncoding = 4; lastKnownFileType = sourcecode.c.h; path = SWXMLHash.h; sourceTree = "<group>"; };
		52B0D3051A81DD82000A2A02 /* SWXMLHash.swift */ = {isa = PBXFileReference; fileEncoding = 4; lastKnownFileType = sourcecode.swift; path = SWXMLHash.swift; sourceTree = "<group>"; };
		52B8F33A1A82054C00BC2B99 /* SchoolBusTabBarController.swift */ = {isa = PBXFileReference; fileEncoding = 4; lastKnownFileType = sourcecode.swift; path = SchoolBusTabBarController.swift; sourceTree = "<group>"; };
		52B8F33C1A82055700BC2B99 /* SchoolBusViewWeekdayController.swift */ = {isa = PBXFileReference; fileEncoding = 4; lastKnownFileType = sourcecode.swift; path = SchoolBusViewWeekdayController.swift; sourceTree = "<group>"; };
		52B8F33E1A82056500BC2B99 /* SchoolBusViewWeekendController.swift */ = {isa = PBXFileReference; fileEncoding = 4; lastKnownFileType = sourcecode.swift; path = SchoolBusViewWeekendController.swift; sourceTree = "<group>"; };
		52BCB4581A7FB6B70016A37E /* HandongAppSwift.app */ = {isa = PBXFileReference; explicitFileType = wrapper.application; includeInIndex = 0; path = HandongAppSwift.app; sourceTree = BUILT_PRODUCTS_DIR; };
		52BCB45C1A7FB6B70016A37E /* Info.plist */ = {isa = PBXFileReference; lastKnownFileType = text.plist.xml; path = Info.plist; sourceTree = "<group>"; };
		52BCB45D1A7FB6B70016A37E /* AppDelegate.swift */ = {isa = PBXFileReference; lastKnownFileType = sourcecode.swift; path = AppDelegate.swift; sourceTree = "<group>"; };
		52BCB45F1A7FB6B70016A37E /* RootViewController.swift */ = {isa = PBXFileReference; lastKnownFileType = sourcecode.swift; path = RootViewController.swift; sourceTree = "<group>"; };
		52BCB4611A7FB6B70016A37E /* DataViewController.swift */ = {isa = PBXFileReference; lastKnownFileType = sourcecode.swift; path = DataViewController.swift; sourceTree = "<group>"; };
		52BCB4631A7FB6B70016A37E /* ModelController.swift */ = {isa = PBXFileReference; lastKnownFileType = sourcecode.swift; path = ModelController.swift; sourceTree = "<group>"; };
		52BCB4661A7FB6B70016A37E /* Base */ = {isa = PBXFileReference; lastKnownFileType = file.storyboard; name = Base; path = Base.lproj/Main.storyboard; sourceTree = "<group>"; };
		52BCB4681A7FB6B70016A37E /* Images.xcassets */ = {isa = PBXFileReference; lastKnownFileType = folder.assetcatalog; path = Images.xcassets; sourceTree = "<group>"; };
		52BCB46B1A7FB6B70016A37E /* Base */ = {isa = PBXFileReference; lastKnownFileType = file.xib; name = Base; path = Base.lproj/LaunchScreen.xib; sourceTree = "<group>"; };
		52BCB4711A7FB6B70016A37E /* HandongAppSwiftTests.xctest */ = {isa = PBXFileReference; explicitFileType = wrapper.cfbundle; includeInIndex = 0; path = HandongAppSwiftTests.xctest; sourceTree = BUILT_PRODUCTS_DIR; };
		52BCB4761A7FB6B70016A37E /* Info.plist */ = {isa = PBXFileReference; lastKnownFileType = text.plist.xml; path = Info.plist; sourceTree = "<group>"; };
		52BCB4771A7FB6B70016A37E /* HandongAppSwiftTests.swift */ = {isa = PBXFileReference; lastKnownFileType = sourcecode.swift; path = HandongAppSwiftTests.swift; sourceTree = "<group>"; };
		52BCB48A1A808CA70016A37E /* buffering.png */ = {isa = PBXFileReference; lastKnownFileType = image.png; path = buffering.png; sourceTree = "<group>"; };
		52BCB48B1A808CA70016A37E /* handong.png */ = {isa = PBXFileReference; lastKnownFileType = image.png; path = handong.png; sourceTree = "<group>"; };
		52BCB48C1A808CA70016A37E /* loading_back.png */ = {isa = PBXFileReference; lastKnownFileType = image.png; path = loading_back.png; sourceTree = "<group>"; };
		52BCB48D1A808CA70016A37E /* map.png */ = {isa = PBXFileReference; lastKnownFileType = image.png; path = map.png; sourceTree = "<group>"; };
		52BCB4931A80A42E0016A37E /* LoadingViewController.swift */ = {isa = PBXFileReference; fileEncoding = 4; lastKnownFileType = sourcecode.swift; path = LoadingViewController.swift; sourceTree = "<group>"; };
		52BCB4961A80ADE20016A37E /* MainViewController.swift */ = {isa = PBXFileReference; fileEncoding = 4; lastKnownFileType = sourcecode.swift; path = MainViewController.swift; sourceTree = "<group>"; };
		52BCB4981A80B9750016A37E /* Icon.png */ = {isa = PBXFileReference; lastKnownFileType = image.png; path = Icon.png; sourceTree = "<group>"; };
/* End PBXFileReference section */

/* Begin PBXFrameworksBuildPhase section */
		52BCB4551A7FB6B70016A37E /* Frameworks */ = {
			isa = PBXFrameworksBuildPhase;
			buildActionMask = 2147483647;
			files = (
			);
			runOnlyForDeploymentPostprocessing = 0;
		};
		52BCB46E1A7FB6B70016A37E /* Frameworks */ = {
			isa = PBXFrameworksBuildPhase;
			buildActionMask = 2147483647;
			files = (
			);
			runOnlyForDeploymentPostprocessing = 0;
		};
/* End PBXFrameworksBuildPhase section */

/* Begin PBXGroup section */
		3DA875041B4F97BA005C9FC7 /* StudentResource */ = {
			isa = PBXGroup;
			children = (
				3DA875091B4F9845005C9FC7 /* Controller */,
				3DA875081B4F982D005C9FC7 /* Model */,
			);
			name = StudentResource;
			sourceTree = "<group>";
		};
		3DA875081B4F982D005C9FC7 /* Model */ = {
			isa = PBXGroup;
			children = (
				3D2F33EF1B5CE05E008B61E7 /* OpTimeModel.swift */,
				3D2F33F31B60D536008B61E7 /* ProfessorModel.swift */,
			);
			name = Model;
			sourceTree = "<group>";
		};
		3DA875091B4F9845005C9FC7 /* Controller */ = {
			isa = PBXGroup;
			children = (
				3D67073A1B54E1A600B2A06A /* StudentResourcesPhone.swift */,
				3D2F33ED1B5CE027008B61E7 /* StudentResourcesOptime.swift */,
				3D2F33F11B60D501008B61E7 /* StudentResourcesProfessor.swift */,
			);
			name = Controller;
			sourceTree = "<group>";
		};
		3DCB60671B6610C1009E1D34 /* LoginController */ = {
			isa = PBXGroup;
			children = (
				3DCB60681B6610F4009E1D34 /* LoginController.swift */,
			);
			name = LoginController;
			sourceTree = "<group>";
		};
		3DCB606C1B6623C2009E1D34 /* DdoSoonei */ = {
			isa = PBXGroup;
			children = (
				3DA80FA51B6656BC00655B83 /* ddosuni_back.jpg */,
				3DA80FA61B6656BC00655B83 /* ddosuni_cafe.png */,
				3DA80FA71B6656BC00655B83 /* ddosuni_house1.jpg */,
				3DA80FA81B6656BC00655B83 /* ddosuni_house2.jpg */,
				3DA80FA91B6656BC00655B83 /* ddosuni_phone.png */,
				3DA80F991B664BA500655B83 /* DdoSooneiController.swift */,
			);
			name = DdoSoonei;
			sourceTree = "<group>";
		};
		524DD4211A89F2ED00DEEC28 /* Model */ = {
			isa = PBXGroup;
			children = (
				524DD4191A89EE8B00DEEC28 /* StoreListModel.swift */,
				524DD41B1A89EECB00DEEC28 /* StoreModel.swift */,
				523DD9161A8B66C900C21FD7 /* StoreDetailModel.swift */,
			);
			name = Model;
			sourceTree = "<group>";
		};
		524DD4221A89F2F900DEEC28 /* Controller */ = {
			isa = PBXGroup;
			children = (
				524DD41D1A89F2BF00DEEC28 /* DeliveryAllViewController.swift */,
				524DD41F1A89F2D400DEEC28 /* DeliveryTabBarController.swift */,
				524DD4271A8A59D500DEEC28 /* DeliveryNonChickenViewController.swift */,
				524DD4291A8A59DF00DEEC28 /* DeliveryChickenViewController.swift */,
				523DD9141A8B4B6300C21FD7 /* DeliveryDetailViewController.swift */,
				526B61791A9B1BE600A8B81A /* MyDeliveryViewController.swift */,
				526B617B1A9BFAB900A8B81A /* StoreListDAO.swift */,
			);
			name = Controller;
			sourceTree = "<group>";
		};
		524DD4231A89F30800DEEC28 /* Model */ = {
			isa = PBXGroup;
			children = (
				527A698F1A8360F4003B2EB5 /* HacksickModel.swift */,
				524170F71A84B66200F96631 /* HyoamModel.swift */,
				524170F31A84A5EB00F96631 /* MomsModel.swift */,
				527A69911A8361A1003B2EB5 /* MenuModel.swift */,
			);
			name = Model;
			sourceTree = "<group>";
		};
		524DD4241A89F31A00DEEC28 /* Controller */ = {
			isa = PBXGroup;
			children = (
				527A698D1A835BAB003B2EB5 /* HacksickViewController.swift */,
				524170F11A84A48E00F96631 /* MomsViewController.swift */,
				524170F51A84B59300F96631 /* HyoamViewController.swift */,
			);
			name = Controller;
			sourceTree = "<group>";
		};
		527A698C1A835B8B003B2EB5 /* MealView */ = {
			isa = PBXGroup;
			children = (
				524DD4241A89F31A00DEEC28 /* Controller */,
				524DD4231A89F30800DEEC28 /* Model */,
			);
			name = MealView;
			sourceTree = "<group>";
		};
		527D109F1A8CA80400F6595B /* UIComponents */ = {
			isa = PBXGroup;
			children = (
				527D109D1A8CA80100F6595B /* MainMenuUIImageView.swift */,
				527D10A01A8CB39000F6595B /* MainMenuNameLabel.swift */,
				527D10A21A8CB4C800F6595B /* MainMenuPriceLabel.swift */,
				524A659B1A9502C5000867E5 /* MenuDivideBarView.swift */,
				524A659D1A950510000867E5 /* MenuItemView.swift */,
				525FC6691A9702A9001BE456 /* ShopInfoLabel.swift */,
				525FC66B1A970377001BE456 /* ShopInfoHeaderLabel.swift */,
			);
			name = UIComponents;
			sourceTree = "<group>";
		};
		528B652E1A890E060006E0AC /* DeliveryFoodView */ = {
			isa = PBXGroup;
			children = (
				527D109F1A8CA80400F6595B /* UIComponents */,
				524DD4221A89F2F900DEEC28 /* Controller */,
				524DD4211A89F2ED00DEEC28 /* Model */,
			);
			name = DeliveryFoodView;
			sourceTree = "<group>";
		};
		52B0D2F71A80E110000A2A02 /* BusView */ = {
			isa = PBXGroup;
			children = (
				52B8F3391A82052C00BC2B99 /* SchoolBusController */,
				52B8F3381A82051400BC2B99 /* SixwayBusController */,
				52B0D2F81A80E118000A2A02 /* Model */,
			);
			name = BusView;
			sourceTree = "<group>";
		};
		52B0D2F81A80E118000A2A02 /* Model */ = {
			isa = PBXGroup;
			children = (
				52B0D2FB1A80EBE5000A2A02 /* BusModel.swift */,
				52B0D3021A80F393000A2A02 /* BusTzoneModel.swift */,
				520636711A81F66500C41E35 /* ComfortBusModel.swift */,
			);
			name = Model;
			sourceTree = "<group>";
		};
		52B0D2FF1A80EE07000A2A02 /* Utils */ = {
			isa = PBXGroup;
			children = (
				52B0D3041A81DD82000A2A02 /* SWXMLHash.h */,
				52B0D3051A81DD82000A2A02 /* SWXMLHash.swift */,
				52B0D3001A80EE14000A2A02 /* Util.swift */,
				526B617D1A9C4D6200A8B81A /* Reachability.swift */,
			);
			name = Utils;
			sourceTree = "<group>";
		};
		52B8F3381A82051400BC2B99 /* SixwayBusController */ = {
			isa = PBXGroup;
			children = (
				52B0D2F91A80E12D000A2A02 /* SixwayBusTabBarController.swift */,
				52B0D2FD1A80ED45000A2A02 /* SixwayBusViewWeekdayController.swift */,
				52055AAD1A81FDF800907406 /* SixwayBusViewWeekendController.swift */,
			);
			name = SixwayBusController;
			sourceTree = "<group>";
		};
		52B8F3391A82052C00BC2B99 /* SchoolBusController */ = {
			isa = PBXGroup;
			children = (
				52B8F33A1A82054C00BC2B99 /* SchoolBusTabBarController.swift */,
				52B8F33C1A82055700BC2B99 /* SchoolBusViewWeekdayController.swift */,
				52B8F33E1A82056500BC2B99 /* SchoolBusViewWeekendController.swift */,
			);
			name = SchoolBusController;
			sourceTree = "<group>";
		};
		52BCB44F1A7FB6B70016A37E = {
			isa = PBXGroup;
			children = (
				3D2F33F91B62607D008B61E7 /* carpool icon.png */,
				52BCB45A1A7FB6B70016A37E /* HandongAppSwift */,
				52BCB4741A7FB6B70016A37E /* HandongAppSwiftTests */,
				52BCB4591A7FB6B70016A37E /* Products */,
			);
			sourceTree = "<group>";
		};
		52BCB4591A7FB6B70016A37E /* Products */ = {
			isa = PBXGroup;
			children = (
				52BCB4581A7FB6B70016A37E /* HandongAppSwift.app */,
				52BCB4711A7FB6B70016A37E /* HandongAppSwiftTests.xctest */,
			);
			name = Products;
			sourceTree = "<group>";
		};
		52BCB45A1A7FB6B70016A37E /* HandongAppSwift */ = {
			isa = PBXGroup;
			children = (
				3DCB606C1B6623C2009E1D34 /* DdoSoonei */,
				3DCB60671B6610C1009E1D34 /* LoginController */,
				3DA875041B4F97BA005C9FC7 /* StudentResource */,
				528B652E1A890E060006E0AC /* DeliveryFoodView */,
				527A698C1A835B8B003B2EB5 /* MealView */,
				52B0D2FF1A80EE07000A2A02 /* Utils */,
				52B0D2F71A80E110000A2A02 /* BusView */,
				52BCB4951A80ADCE0016A37E /* MainView */,
				52BCB4921A80A4170016A37E /* LoadingView */,
				52BCB4811A7FB7C20016A37E /* Resources */,
				52BCB45D1A7FB6B70016A37E /* AppDelegate.swift */,
				52BCB45F1A7FB6B70016A37E /* RootViewController.swift */,
				52BCB4611A7FB6B70016A37E /* DataViewController.swift */,
				52BCB4631A7FB6B70016A37E /* ModelController.swift */,
				52BCB4651A7FB6B70016A37E /* Main.storyboard */,
				52BCB4681A7FB6B70016A37E /* Images.xcassets */,
				52BCB46A1A7FB6B70016A37E /* LaunchScreen.xib */,
				52BCB45B1A7FB6B70016A37E /* Supporting Files */,
			);
			path = HandongAppSwift;
			sourceTree = "<group>";
		};
		52BCB45B1A7FB6B70016A37E /* Supporting Files */ = {
			isa = PBXGroup;
			children = (
				52BCB45C1A7FB6B70016A37E /* Info.plist */,
			);
			name = "Supporting Files";
			sourceTree = "<group>";
		};
		52BCB4741A7FB6B70016A37E /* HandongAppSwiftTests */ = {
			isa = PBXGroup;
			children = (
				52BCB4771A7FB6B70016A37E /* HandongAppSwiftTests.swift */,
				52BCB4751A7FB6B70016A37E /* Supporting Files */,
			);
			path = HandongAppSwiftTests;
			sourceTree = "<group>";
		};
		52BCB4751A7FB6B70016A37E /* Supporting Files */ = {
			isa = PBXGroup;
			children = (
				52BCB4761A7FB6B70016A37E /* Info.plist */,
			);
			name = "Supporting Files";
			sourceTree = "<group>";
		};
		52BCB4811A7FB7C20016A37E /* Resources */ = {
			isa = PBXGroup;
			children = (
				526B61771A9B0A2100A8B81A /* hgushop.png */,
				526B61751A9B0A0400A8B81A /* hgutube_icon.png */,
				526B61731A9B08B900A8B81A /* ghost_logo_white.png */,
				523DD9101A8B4AA500C21FD7 /* selected_star_small.png */,
				523DD9111A8B4AA500C21FD7 /* unselected_star_small.png */,
				523DD90E1A8B420C00C21FD7 /* phone_icon_small.png */,
				524DD4251A89FFA000DEEC28 /* phone_icon.png */,
				52B0D2E31A80BFF7000A2A02 /* conv.png */,
				52B0D2E41A80BFF7000A2A02 /* hansick.png */,
				52B0D2E51A80BFF7000A2A02 /* home.png */,
				52B0D2E61A80BFF7000A2A02 /* left.png */,
				52B0D2E71A80BFF7000A2A02 /* main_alarm.png */,
				52B0D2E81A80BFF7000A2A02 /* main_bus.png */,
				52B0D2E91A80BFF7000A2A02 /* notice_logo.png */,
				52B0D2EA1A80BFF7000A2A02 /* setting.png */,
				52B0D2EB1A80BFF7000A2A02 /* timetable.png */,
				52B0D2EC1A80BFF7000A2A02 /* zzimdak.png */,
				52BCB4981A80B9750016A37E /* Icon.png */,
				52BCB48A1A808CA70016A37E /* buffering.png */,
				52BCB48B1A808CA70016A37E /* handong.png */,
				52BCB48C1A808CA70016A37E /* loading_back.png */,
				52BCB48D1A808CA70016A37E /* map.png */,
			);
			name = Resources;
			sourceTree = "<group>";
		};
		52BCB4921A80A4170016A37E /* LoadingView */ = {
			isa = PBXGroup;
			children = (
				52BCB4931A80A42E0016A37E /* LoadingViewController.swift */,
			);
			name = LoadingView;
			sourceTree = "<group>";
		};
		52BCB4951A80ADCE0016A37E /* MainView */ = {
			isa = PBXGroup;
			children = (
				524170F91A865BFC00F96631 /* MainBusUILabel.swift */,
				52BCB4961A80ADE20016A37E /* MainViewController.swift */,
				524170FB1A86613200F96631 /* MainBusModel.swift */,
				526B617F1A9C4FFA00A8B81A /* InitializeFlag.swift */,
			);
			name = MainView;
			sourceTree = "<group>";
		};
/* End PBXGroup section */

/* Begin PBXNativeTarget section */
		52BCB4571A7FB6B70016A37E /* HandongAppSwift */ = {
			isa = PBXNativeTarget;
			buildConfigurationList = 52BCB47B1A7FB6B70016A37E /* Build configuration list for PBXNativeTarget "HandongAppSwift" */;
			buildPhases = (
				52BCB4541A7FB6B70016A37E /* Sources */,
				52BCB4551A7FB6B70016A37E /* Frameworks */,
				52BCB4561A7FB6B70016A37E /* Resources */,
			);
			buildRules = (
			);
			dependencies = (
			);
			name = HandongAppSwift;
			productName = HandongAppSwift;
			productReference = 52BCB4581A7FB6B70016A37E /* HandongAppSwift.app */;
			productType = "com.apple.product-type.application";
		};
		52BCB4701A7FB6B70016A37E /* HandongAppSwiftTests */ = {
			isa = PBXNativeTarget;
			buildConfigurationList = 52BCB47E1A7FB6B70016A37E /* Build configuration list for PBXNativeTarget "HandongAppSwiftTests" */;
			buildPhases = (
				52BCB46D1A7FB6B70016A37E /* Sources */,
				52BCB46E1A7FB6B70016A37E /* Frameworks */,
				52BCB46F1A7FB6B70016A37E /* Resources */,
			);
			buildRules = (
			);
			dependencies = (
				52BCB4731A7FB6B70016A37E /* PBXTargetDependency */,
			);
			name = HandongAppSwiftTests;
			productName = HandongAppSwiftTests;
			productReference = 52BCB4711A7FB6B70016A37E /* HandongAppSwiftTests.xctest */;
			productType = "com.apple.product-type.bundle.unit-test";
		};
/* End PBXNativeTarget section */

/* Begin PBXProject section */
		52BCB4501A7FB6B70016A37E /* Project object */ = {
			isa = PBXProject;
			attributes = {
				LastUpgradeCheck = 0610;
				ORGANIZATIONNAME = GHOST;
				TargetAttributes = {
					52BCB4571A7FB6B70016A37E = {
						CreatedOnToolsVersion = 6.1.1;
						DevelopmentTeam = TW49Q8AG9T;
					};
					52BCB4701A7FB6B70016A37E = {
						CreatedOnToolsVersion = 6.1.1;
						DevelopmentTeam = TW49Q8AG9T;
						TestTargetID = 52BCB4571A7FB6B70016A37E;
					};
				};
			};
			buildConfigurationList = 52BCB4531A7FB6B70016A37E /* Build configuration list for PBXProject "HandongAppSwift" */;
			compatibilityVersion = "Xcode 3.2";
			developmentRegion = English;
			hasScannedForEncodings = 0;
			knownRegions = (
				en,
				Base,
			);
			mainGroup = 52BCB44F1A7FB6B70016A37E;
			productRefGroup = 52BCB4591A7FB6B70016A37E /* Products */;
			projectDirPath = "";
			projectRoot = "";
			targets = (
				52BCB4571A7FB6B70016A37E /* HandongAppSwift */,
				52BCB4701A7FB6B70016A37E /* HandongAppSwiftTests */,
			);
		};
/* End PBXProject section */

/* Begin PBXResourcesBuildPhase section */
		52BCB4561A7FB6B70016A37E /* Resources */ = {
			isa = PBXResourcesBuildPhase;
			buildActionMask = 2147483647;
			files = (
				3D2F33FA1B62607D008B61E7 /* carpool icon.png in Resources */,
				3DA80FAE1B6656BC00655B83 /* ddosuni_phone.png in Resources */,
				52BCB48F1A808CA70016A37E /* handong.png in Resources */,
				52B0D2F21A80BFF7000A2A02 /* main_bus.png in Resources */,
				3DA80FAB1B6656BC00655B83 /* ddosuni_cafe.png in Resources */,
				52B0D2EE1A80BFF7000A2A02 /* hansick.png in Resources */,
				52B0D2F11A80BFF7000A2A02 /* main_alarm.png in Resources */,
				52B0D2F01A80BFF7000A2A02 /* left.png in Resources */,
				52B0D2EF1A80BFF7000A2A02 /* home.png in Resources */,
				52BCB48E1A808CA70016A37E /* buffering.png in Resources */,
				52B0D2ED1A80BFF7000A2A02 /* conv.png in Resources */,
				52BCB4671A7FB6B70016A37E /* Main.storyboard in Resources */,
				523DD90F1A8B420C00C21FD7 /* phone_icon_small.png in Resources */,
				523DD9121A8B4AA500C21FD7 /* selected_star_small.png in Resources */,
				52BCB4901A808CA70016A37E /* loading_back.png in Resources */,
				52BCB4991A80B9760016A37E /* Icon.png in Resources */,
				523DD9131A8B4AA500C21FD7 /* unselected_star_small.png in Resources */,
				52B0D2F31A80BFF7000A2A02 /* notice_logo.png in Resources */,
				3DA80FAA1B6656BC00655B83 /* ddosuni_back.jpg in Resources */,
				526B61761A9B0A0400A8B81A /* hgutube_icon.png in Resources */,
				3DA80FAC1B6656BC00655B83 /* ddosuni_house1.jpg in Resources */,
				52B0D2F61A80BFF7000A2A02 /* zzimdak.png in Resources */,
				52B0D2F41A80BFF7000A2A02 /* setting.png in Resources */,
				526B61781A9B0A2100A8B81A /* hgushop.png in Resources */,
				52BCB4911A808CA70016A37E /* map.png in Resources */,
				3DA80FAD1B6656BC00655B83 /* ddosuni_house2.jpg in Resources */,
				524DD4261A89FFA000DEEC28 /* phone_icon.png in Resources */,
				52BCB46C1A7FB6B70016A37E /* LaunchScreen.xib in Resources */,
				52B0D2F51A80BFF7000A2A02 /* timetable.png in Resources */,
				52BCB4691A7FB6B70016A37E /* Images.xcassets in Resources */,
				526B61741A9B08B900A8B81A /* ghost_logo_white.png in Resources */,
			);
			runOnlyForDeploymentPostprocessing = 0;
		};
		52BCB46F1A7FB6B70016A37E /* Resources */ = {
			isa = PBXResourcesBuildPhase;
			buildActionMask = 2147483647;
			files = (
			);
			runOnlyForDeploymentPostprocessing = 0;
		};
/* End PBXResourcesBuildPhase section */

/* Begin PBXSourcesBuildPhase section */
		52BCB4541A7FB6B70016A37E /* Sources */ = {
			isa = PBXSourcesBuildPhase;
			buildActionMask = 2147483647;
			files = (
				52BCB4601A7FB6B70016A37E /* RootViewController.swift in Sources */,
				523DD9151A8B4B6300C21FD7 /* DeliveryDetailViewController.swift in Sources */,
				52B0D3061A81DD82000A2A02 /* SWXMLHash.swift in Sources */,
				3D2F33F41B60D536008B61E7 /* ProfessorModel.swift in Sources */,
				52BCB4641A7FB6B70016A37E /* ModelController.swift in Sources */,
				52BCB4941A80A42E0016A37E /* LoadingViewController.swift in Sources */,
				52055AAE1A81FDF800907406 /* SixwayBusViewWeekendController.swift in Sources */,
				52BCB4971A80ADE20016A37E /* MainViewController.swift in Sources */,
				524DD42A1A8A59DF00DEEC28 /* DeliveryChickenViewController.swift in Sources */,
				527D10A31A8CB4C800F6595B /* MainMenuPriceLabel.swift in Sources */,
				523DD9171A8B66C900C21FD7 /* StoreDetailModel.swift in Sources */,
				524DD41A1A89EE8B00DEEC28 /* StoreListModel.swift in Sources */,
				52B8F33B1A82054C00BC2B99 /* SchoolBusTabBarController.swift in Sources */,
				525FC66A1A9702A9001BE456 /* ShopInfoLabel.swift in Sources */,
				524170F41A84A5EB00F96631 /* MomsModel.swift in Sources */,
				52B0D2FC1A80EBE5000A2A02 /* BusModel.swift in Sources */,
				3DA80F9A1B664BA500655B83 /* DdoSooneiController.swift in Sources */,
				52B0D2FE1A80ED45000A2A02 /* SixwayBusViewWeekdayController.swift in Sources */,
				526B617C1A9BFAB900A8B81A /* StoreListDAO.swift in Sources */,
				52BCB4621A7FB6B70016A37E /* DataViewController.swift in Sources */,
				526B61801A9C4FFA00A8B81A /* InitializeFlag.swift in Sources */,
				526B617E1A9C4D6200A8B81A /* Reachability.swift in Sources */,
				524A659C1A9502C5000867E5 /* MenuDivideBarView.swift in Sources */,
				52B8F33F1A82056500BC2B99 /* SchoolBusViewWeekendController.swift in Sources */,
				527A69901A8360F4003B2EB5 /* HacksickModel.swift in Sources */,
				524170FC1A86613200F96631 /* MainBusModel.swift in Sources */,
				527D10A11A8CB39000F6595B /* MainMenuNameLabel.swift in Sources */,
				527D109E1A8CA80100F6595B /* MainMenuUIImageView.swift in Sources */,
				527A69921A8361A1003B2EB5 /* MenuModel.swift in Sources */,
				3DCB60691B6610F4009E1D34 /* LoginController.swift in Sources */,
				3D2F33F01B5CE05E008B61E7 /* OpTimeModel.swift in Sources */,
				52B0D3011A80EE14000A2A02 /* Util.swift in Sources */,
				524DD4201A89F2D400DEEC28 /* DeliveryTabBarController.swift in Sources */,
				52BCB45E1A7FB6B70016A37E /* AppDelegate.swift in Sources */,
				527A698E1A835BAB003B2EB5 /* HacksickViewController.swift in Sources */,
				526B617A1A9B1BE600A8B81A /* MyDeliveryViewController.swift in Sources */,
				524170F21A84A48E00F96631 /* MomsViewController.swift in Sources */,
				524A659E1A950510000867E5 /* MenuItemView.swift in Sources */,
				524170FA1A865BFC00F96631 /* MainBusUILabel.swift in Sources */,
				524170F81A84B66200F96631 /* HyoamModel.swift in Sources */,
				3D2F33F21B60D501008B61E7 /* StudentResourcesProfessor.swift in Sources */,
				520636721A81F66500C41E35 /* ComfortBusModel.swift in Sources */,
				52B0D2FA1A80E12D000A2A02 /* SixwayBusTabBarController.swift in Sources */,
				3D2F33EE1B5CE027008B61E7 /* StudentResourcesOptime.swift in Sources */,
				52B8F33D1A82055700BC2B99 /* SchoolBusViewWeekdayController.swift in Sources */,
				524170F61A84B59300F96631 /* HyoamViewController.swift in Sources */,
				524DD41C1A89EECB00DEEC28 /* StoreModel.swift in Sources */,
				525FC66C1A970377001BE456 /* ShopInfoHeaderLabel.swift in Sources */,
				52B0D3031A80F393000A2A02 /* BusTzoneModel.swift in Sources */,
				524DD41E1A89F2BF00DEEC28 /* DeliveryAllViewController.swift in Sources */,
				3D67073B1B54E1A600B2A06A /* StudentResourcesPhone.swift in Sources */,
				524DD4281A8A59D500DEEC28 /* DeliveryNonChickenViewController.swift in Sources */,
			);
			runOnlyForDeploymentPostprocessing = 0;
		};
		52BCB46D1A7FB6B70016A37E /* Sources */ = {
			isa = PBXSourcesBuildPhase;
			buildActionMask = 2147483647;
			files = (
				52BCB4781A7FB6B70016A37E /* HandongAppSwiftTests.swift in Sources */,
			);
			runOnlyForDeploymentPostprocessing = 0;
		};
/* End PBXSourcesBuildPhase section */

/* Begin PBXTargetDependency section */
		52BCB4731A7FB6B70016A37E /* PBXTargetDependency */ = {
			isa = PBXTargetDependency;
			target = 52BCB4571A7FB6B70016A37E /* HandongAppSwift */;
			targetProxy = 52BCB4721A7FB6B70016A37E /* PBXContainerItemProxy */;
		};
/* End PBXTargetDependency section */

/* Begin PBXVariantGroup section */
		52BCB4651A7FB6B70016A37E /* Main.storyboard */ = {
			isa = PBXVariantGroup;
			children = (
				52BCB4661A7FB6B70016A37E /* Base */,
			);
			name = Main.storyboard;
			sourceTree = "<group>";
		};
		52BCB46A1A7FB6B70016A37E /* LaunchScreen.xib */ = {
			isa = PBXVariantGroup;
			children = (
				52BCB46B1A7FB6B70016A37E /* Base */,
			);
			name = LaunchScreen.xib;
			sourceTree = "<group>";
		};
/* End PBXVariantGroup section */

/* Begin XCBuildConfiguration section */
		52BCB4791A7FB6B70016A37E /* Debug */ = {
			isa = XCBuildConfiguration;
			buildSettings = {
				ALWAYS_SEARCH_USER_PATHS = NO;
				CLANG_CXX_LANGUAGE_STANDARD = "gnu++0x";
				CLANG_CXX_LIBRARY = "libc++";
				CLANG_ENABLE_MODULES = YES;
				CLANG_ENABLE_OBJC_ARC = YES;
				CLANG_WARN_BOOL_CONVERSION = YES;
				CLANG_WARN_CONSTANT_CONVERSION = YES;
				CLANG_WARN_DIRECT_OBJC_ISA_USAGE = YES_ERROR;
				CLANG_WARN_EMPTY_BODY = YES;
				CLANG_WARN_ENUM_CONVERSION = YES;
				CLANG_WARN_INT_CONVERSION = YES;
				CLANG_WARN_OBJC_ROOT_CLASS = YES_ERROR;
				CLANG_WARN_UNREACHABLE_CODE = YES;
				CLANG_WARN__DUPLICATE_METHOD_MATCH = YES;
				"CODE_SIGN_IDENTITY[sdk=iphoneos*]" = "iPhone Developer";
				COPY_PHASE_STRIP = NO;
				ENABLE_STRICT_OBJC_MSGSEND = YES;
				GCC_C_LANGUAGE_STANDARD = gnu99;
				GCC_DYNAMIC_NO_PIC = NO;
				GCC_OPTIMIZATION_LEVEL = 0;
				GCC_PREPROCESSOR_DEFINITIONS = (
					"DEBUG=1",
					"$(inherited)",
				);
				GCC_SYMBOLS_PRIVATE_EXTERN = NO;
				GCC_WARN_64_TO_32_BIT_CONVERSION = YES;
				GCC_WARN_ABOUT_RETURN_TYPE = YES_ERROR;
				GCC_WARN_UNDECLARED_SELECTOR = YES;
				GCC_WARN_UNINITIALIZED_AUTOS = YES_AGGRESSIVE;
				GCC_WARN_UNUSED_FUNCTION = YES;
				GCC_WARN_UNUSED_VARIABLE = YES;
				IPHONEOS_DEPLOYMENT_TARGET = 8.1;
				MTL_ENABLE_DEBUG_INFO = YES;
				ONLY_ACTIVE_ARCH = YES;
				PROVISIONING_PROFILE = "6677a80b-6fec-4364-9516-eda52f75895b";
				SDKROOT = iphoneos;
				SWIFT_OPTIMIZATION_LEVEL = "-Onone";
			};
			name = Debug;
		};
		52BCB47A1A7FB6B70016A37E /* Release */ = {
			isa = XCBuildConfiguration;
			buildSettings = {
				ALWAYS_SEARCH_USER_PATHS = NO;
				CLANG_CXX_LANGUAGE_STANDARD = "gnu++0x";
				CLANG_CXX_LIBRARY = "libc++";
				CLANG_ENABLE_MODULES = YES;
				CLANG_ENABLE_OBJC_ARC = YES;
				CLANG_WARN_BOOL_CONVERSION = YES;
				CLANG_WARN_CONSTANT_CONVERSION = YES;
				CLANG_WARN_DIRECT_OBJC_ISA_USAGE = YES_ERROR;
				CLANG_WARN_EMPTY_BODY = YES;
				CLANG_WARN_ENUM_CONVERSION = YES;
				CLANG_WARN_INT_CONVERSION = YES;
				CLANG_WARN_OBJC_ROOT_CLASS = YES_ERROR;
				CLANG_WARN_UNREACHABLE_CODE = YES;
				CLANG_WARN__DUPLICATE_METHOD_MATCH = YES;
				CODE_SIGN_IDENTITY = "iPhone Distribution: KIJU HAN (TW49Q8AG9T)";
				"CODE_SIGN_IDENTITY[sdk=iphoneos*]" = "iPhone Distribution: KIJU HAN (TW49Q8AG9T)";
				COPY_PHASE_STRIP = YES;
				ENABLE_NS_ASSERTIONS = NO;
				ENABLE_STRICT_OBJC_MSGSEND = YES;
				GCC_C_LANGUAGE_STANDARD = gnu99;
				GCC_WARN_64_TO_32_BIT_CONVERSION = YES;
				GCC_WARN_ABOUT_RETURN_TYPE = YES_ERROR;
				GCC_WARN_UNDECLARED_SELECTOR = YES;
				GCC_WARN_UNINITIALIZED_AUTOS = YES_AGGRESSIVE;
				GCC_WARN_UNUSED_FUNCTION = YES;
				GCC_WARN_UNUSED_VARIABLE = YES;
				IPHONEOS_DEPLOYMENT_TARGET = 8.1;
				MTL_ENABLE_DEBUG_INFO = NO;
				PROVISIONING_PROFILE = "6677a80b-6fec-4364-9516-eda52f75895b";
				SDKROOT = iphoneos;
				VALIDATE_PRODUCT = YES;
			};
			name = Release;
		};
		52BCB47C1A7FB6B70016A37E /* Debug */ = {
			isa = XCBuildConfiguration;
			buildSettings = {
				ASSETCATALOG_COMPILER_APPICON_NAME = AppIcon;
				CODE_SIGN_IDENTITY = "iPhone Developer";
				"CODE_SIGN_IDENTITY[sdk=iphoneos*]" = "iPhone Developer";
				CURRENT_PROJECT_VERSION = 7.0;
				INFOPLIST_FILE = HandongAppSwift/Info.plist;
				LD_RUNPATH_SEARCH_PATHS = "$(inherited) @executable_path/Frameworks";
				PRODUCT_NAME = "$(TARGET_NAME)";
				PROVISIONING_PROFILE = "";
				TARGETED_DEVICE_FAMILY = 1;
			};
			name = Debug;
		};
		52BCB47D1A7FB6B70016A37E /* Release */ = {
			isa = XCBuildConfiguration;
			buildSettings = {
				ASSETCATALOG_COMPILER_APPICON_NAME = AppIcon;
				CODE_SIGN_IDENTITY = "iPhone Developer";
				"CODE_SIGN_IDENTITY[sdk=iphoneos*]" = "iPhone Developer";
				CURRENT_PROJECT_VERSION = 7.0;
				INFOPLIST_FILE = HandongAppSwift/Info.plist;
				LD_RUNPATH_SEARCH_PATHS = "$(inherited) @executable_path/Frameworks";
				PRODUCT_NAME = "$(TARGET_NAME)";
				PROVISIONING_PROFILE = "";
				TARGETED_DEVICE_FAMILY = 1;
			};
			name = Release;
		};
		52BCB47F1A7FB6B70016A37E /* Debug */ = {
			isa = XCBuildConfiguration;
			buildSettings = {
				BUNDLE_LOADER = "$(TEST_HOST)";
				CODE_SIGN_IDENTITY = "iPhone Developer";
				"CODE_SIGN_IDENTITY[sdk=iphoneos*]" = "iPhone Developer";
				FRAMEWORK_SEARCH_PATHS = (
					"$(SDKROOT)/Developer/Library/Frameworks",
					"$(inherited)",
				);
				GCC_PREPROCESSOR_DEFINITIONS = (
					"DEBUG=1",
					"$(inherited)",
				);
				INFOPLIST_FILE = HandongAppSwiftTests/Info.plist;
				LD_RUNPATH_SEARCH_PATHS = "$(inherited) @executable_path/Frameworks @loader_path/Frameworks";
				PRODUCT_NAME = "$(TARGET_NAME)";
				PROVISIONING_PROFILE = "";
				TEST_HOST = "$(BUILT_PRODUCTS_DIR)/HandongAppSwift.app/HandongAppSwift";
			};
			name = Debug;
		};
		52BCB4801A7FB6B70016A37E /* Release */ = {
			isa = XCBuildConfiguration;
			buildSettings = {
				BUNDLE_LOADER = "$(TEST_HOST)";
				CODE_SIGN_IDENTITY = "iPhone Developer";
				"CODE_SIGN_IDENTITY[sdk=iphoneos*]" = "iPhone Developer";
				FRAMEWORK_SEARCH_PATHS = (
					"$(SDKROOT)/Developer/Library/Frameworks",
					"$(inherited)",
				);
				INFOPLIST_FILE = HandongAppSwiftTests/Info.plist;
				LD_RUNPATH_SEARCH_PATHS = "$(inherited) @executable_path/Frameworks @loader_path/Frameworks";
				PRODUCT_NAME = "$(TARGET_NAME)";
				PROVISIONING_PROFILE = "";
				TEST_HOST = "$(BUILT_PRODUCTS_DIR)/HandongAppSwift.app/HandongAppSwift";
			};
			name = Release;
		};
/* End XCBuildConfiguration section */

/* Begin XCConfigurationList section */
		52BCB4531A7FB6B70016A37E /* Build configuration list for PBXProject "HandongAppSwift" */ = {
			isa = XCConfigurationList;
			buildConfigurations = (
				52BCB4791A7FB6B70016A37E /* Debug */,
				52BCB47A1A7FB6B70016A37E /* Release */,
			);
			defaultConfigurationIsVisible = 0;
			defaultConfigurationName = Release;
		};
		52BCB47B1A7FB6B70016A37E /* Build configuration list for PBXNativeTarget "HandongAppSwift" */ = {
			isa = XCConfigurationList;
			buildConfigurations = (
				52BCB47C1A7FB6B70016A37E /* Debug */,
				52BCB47D1A7FB6B70016A37E /* Release */,
			);
			defaultConfigurationIsVisible = 0;
			defaultConfigurationName = Release;
		};
		52BCB47E1A7FB6B70016A37E /* Build configuration list for PBXNativeTarget "HandongAppSwiftTests" */ = {
			isa = XCConfigurationList;
			buildConfigurations = (
				52BCB47F1A7FB6B70016A37E /* Debug */,
				52BCB4801A7FB6B70016A37E /* Release */,
			);
			defaultConfigurationIsVisible = 0;
			defaultConfigurationName = Release;
		};
/* End XCConfigurationList section */
	};
	rootObject = 52BCB4501A7FB6B70016A37E /* Project object */;
}
